{
  "name": "modipi-estadistica-app-v2",
  "lockfileVersion": 2,
  "requires": true,
  "packages": {
    "": {
      "dependencies": {
        "mdb-vue-ui-kit": "^1.12.0"
      }
    },
    "node_modules/mdb-vue-ui-kit": {
      "version": "1.12.0",
      "resolved": "https://registry.npmjs.org/mdb-vue-ui-kit/-/mdb-vue-ui-kit-1.12.0.tgz",
      "integrity": "sha512-/6NcTyCmzuR5yGDgUURSgHjEG0JFYcU2feOBD8VrJpDFvUs3Q7N8HaB1MqAQ3IDQT67uE+unPXBw+OlpVlH73w=="
    }
  },
  "dependencies": {
    "mdb-vue-ui-kit": {
      "version": "1.12.0",
      "resolved": "https://registry.npmjs.org/mdb-vue-ui-kit/-/mdb-vue-ui-kit-1.12.0.tgz",
      "integrity": "sha512-/6NcTyCmzuR5yGDgUURSgHjEG0JFYcU2feOBD8VrJpDFvUs3Q7N8HaB1MqAQ3IDQT67uE+unPXBw+OlpVlH73w=="
    }
  }
}
